// !$*UTF8*$!
{
	archiveVersion = 1;
	classes = {
	};
	objectVersion = 55;
	objects = {

/* Begin PBXBuildFile section */
		2DE26B10290AB1D200A77FC0 /* Swift_Practice_179_CoreDateTodoApp.swift in Sources */ = {isa = PBXBuildFile; fileRef = 2DE26B0F290AB1D200A77FC0 /* Swift_Practice_179_CoreDateTodoApp.swift */; };
		2DE26B12290AB1D200A77FC0 /* ContentView.swift in Sources */ = {isa = PBXBuildFile; fileRef = 2DE26B11290AB1D200A77FC0 /* ContentView.swift */; };
		2DE26B14290AB1D300A77FC0 /* Assets.xcassets in Resources */ = {isa = PBXBuildFile; fileRef = 2DE26B13290AB1D300A77FC0 /* Assets.xcassets */; };
		2DE26B17290AB1D300A77FC0 /* Preview Assets.xcassets in Resources */ = {isa = PBXBuildFile; fileRef = 2DE26B16290AB1D300A77FC0 /* Preview Assets.xcassets */; };
		2DE26B1F290AB20700A77FC0 /* TodoDataModel.xcdatamodeld in Sources */ = {isa = PBXBuildFile; fileRef = 2DE26B1D290AB20700A77FC0 /* TodoDataModel.xcdatamodeld */; };
		2DE26B21290AB38A00A77FC0 /* CoreDataViewModel.swift in Sources */ = {isa = PBXBuildFile; fileRef = 2DE26B20290AB38A00A77FC0 /* CoreDataViewModel.swift */; };
		2DE26B23290AB69A00A77FC0 /* UpdateTodoView.swift in Sources */ = {isa = PBXBuildFile; fileRef = 2DE26B22290AB69A00A77FC0 /* UpdateTodoView.swift */; };
/* End PBXBuildFile section */

/* Begin PBXFileReference section */
		2DE26B0C290AB1D200A77FC0 /* Swift Practice 179 CoreDateTodo.app */ = {isa = PBXFileReference; explicitFileType = wrapper.application; includeInIndex = 0; path = "Swift Practice 179 CoreDateTodo.app"; sourceTree = BUILT_PRODUCTS_DIR; };
		2DE26B0F290AB1D200A77FC0 /* Swift_Practice_179_CoreDateTodoApp.swift */ = {isa = PBXFileReference; lastKnownFileType = sourcecode.swift; path = Swift_Practice_179_CoreDateTodoApp.swift; sourceTree = "<group>"; };
		2DE26B11290AB1D200A77FC0 /* ContentView.swift */ = {isa = PBXFileReference; lastKnownFileType = sourcecode.swift; path = ContentView.swift; sourceTree = "<group>"; };
		2DE26B13290AB1D300A77FC0 /* Assets.xcassets */ = {isa = PBXFileReference; lastKnownFileType = folder.assetcatalog; path = Assets.xcassets; sourceTree = "<group>"; };
		2DE26B16290AB1D300A77FC0 /* Preview Assets.xcassets */ = {isa = PBXFileReference; lastKnownFileType = folder.assetcatalog; path = "Preview Assets.xcassets"; sourceTree = "<group>"; };
		2DE26B1E290AB20700A77FC0 /* TodoDataModel.xcdatamodel */ = {isa = PBXFileReference; lastKnownFileType = wrapper.xcdatamodel; path = TodoDataModel.xcdatamodel; sourceTree = "<group>"; };
		2DE26B20290AB38A00A77FC0 /* CoreDataViewModel.swift */ = {isa = PBXFileReference; lastKnownFileType = sourcecode.swift; path = CoreDataViewModel.swift; sourceTree = "<group>"; };
		2DE26B22290AB69A00A77FC0 /* UpdateTodoView.swift */ = {isa = PBXFileReference; lastKnownFileType = sourcecode.swift; path = UpdateTodoView.swift; sourceTree = "<group>"; };
/* End PBXFileReference section */

/* Begin PBXFrameworksBuildPhase section */
		2DE26B09290AB1D200A77FC0 /* Frameworks */ = {
			isa = PBXFrameworksBuildPhase;
			buildActionMask = 2147483647;
			files = (
			);
			runOnlyForDeploymentPostprocessing = 0;
		};
/* End PBXFrameworksBuildPhase section */

/* Begin PBXGroup section */
		2DE26B03290AB1D200A77FC0 = {
			isa = PBXGroup;
			children = (
				2DE26B0E290AB1D200A77FC0 /* Swift Practice 179 CoreDateTodo */,
				2DE26B0D290AB1D200A77FC0 /* Products */,
			);
			sourceTree = "<group>";
		};
		2DE26B0D290AB1D200A77FC0 /* Products */ = {
			isa = PBXGroup;
			children = (
				2DE26B0C290AB1D200A77FC0 /* Swift Practice 179 CoreDateTodo.app */,
			);
			name = Products;
			sourceTree = "<group>";
		};
		2DE26B0E290AB1D200A77FC0 /* Swift Practice 179 CoreDateTodo */ = {
			isa = PBXGroup;
			children = (
				2DE26B0F290AB1D200A77FC0 /* Swift_Practice_179_CoreDateTodoApp.swift */,
				2DE26B11290AB1D200A77FC0 /* ContentView.swift */,
				2DE26B20290AB38A00A77FC0 /* CoreDataViewModel.swift */,
				2DE26B22290AB69A00A77FC0 /* UpdateTodoView.swift */,
				2DE26B1D290AB20700A77FC0 /* TodoDataModel.xcdatamodeld */,
				2DE26B13290AB1D300A77FC0 /* Assets.xcassets */,
				2DE26B15290AB1D300A77FC0 /* Preview Content */,
			);
			path = "Swift Practice 179 CoreDateTodo";
			sourceTree = "<group>";
		};
		2DE26B15290AB1D300A77FC0 /* Preview Content */ = {
			isa = PBXGroup;
			children = (
				2DE26B16290AB1D300A77FC0 /* Preview Assets.xcassets */,
			);
			path = "Preview Content";
			sourceTree = "<group>";
		};
/* End PBXGroup section */

/* Begin PBXNativeTarget section */
		2DE26B0B290AB1D200A77FC0 /* Swift Practice 179 CoreDateTodo */ = {
			isa = PBXNativeTarget;
			buildConfigurationList = 2DE26B1A290AB1D300A77FC0 /* Build configuration list for PBXNativeTarget "Swift Practice 179 CoreDateTodo" */;
			buildPhases = (
				2DE26B08290AB1D200A77FC0 /* Sources */,
				2DE26B09290AB1D200A77FC0 /* Frameworks */,
				2DE26B0A290AB1D200A77FC0 /* Resources */,
			);
			buildRules = (
			);
			dependencies = (
			);
			name = "Swift Practice 179 CoreDateTodo";
			productName = "Swift Practice 179 CoreDateTodo";
			productReference = 2DE26B0C290AB1D200A77FC0 /* Swift Practice 179 CoreDateTodo.app */;
			productType = "com.apple.product-type.application";
		};
/* End PBXNativeTarget section */

/* Begin PBXProject section */
		2DE26B04290AB1D200A77FC0 /* Project object */ = {
			isa = PBXProject;
			attributes = {
				BuildIndependentTargetsInParallel = 1;
				LastSwiftUpdateCheck = 1320;
				LastUpgradeCheck = 1320;
				TargetAttributes = {
					2DE26B0B290AB1D200A77FC0 = {
						CreatedOnToolsVersion = 13.2;
					};
				};
			};
			buildConfigurationList = 2DE26B07290AB1D200A77FC0 /* Build configuration list for PBXProject "Swift Practice 179 CoreDateTodo" */;
			compatibilityVersion = "Xcode 13.0";
			developmentRegion = en;
			hasScannedForEncodings = 0;
			knownRegions = (
				en,
				Base,
			);
			mainGroup = 2DE26B03290AB1D200A77FC0;
			productRefGroup = 2DE26B0D290AB1D200A77FC0 /* Products */;
			projectDirPath = "";
			projectRoot = "";
			targets = (
				2DE26B0B290AB1D200A77FC0 /* Swift Practice 179 CoreDateTodo */,
			);
		};
/* End PBXProject section */

/* Begin PBXResourcesBuildPhase section */
		2DE26B0A290AB1D200A77FC0 /* Resources */ = {
			isa = PBXResourcesBuildPhase;
			buildActionMask = 2147483647;
			files = (
				2DE26B17290AB1D300A77FC0 /* Preview Assets.xcassets in Resources */,
				2DE26B14290AB1D300A77FC0 /* Assets.xcassets in Resources */,
			);
			runOnlyForDeploymentPostprocessing = 0;
		};
/* End PBXResourcesBuildPhase section */

/* Begin PBXSourcesBuildPhase section */
		2DE26B08290AB1D200A77FC0 /* Sources */ = {
			isa = PBXSourcesBuildPhase;
			buildActionMask = 2147483647;
			files = (
				2DE26B1F290AB20700A77FC0 /* TodoDataModel.xcdatamodeld in Sources */,
				2DE26B21290AB38A00A77FC0 /* CoreDataViewModel.swift in Sources */,
				2DE26B12290AB1D200A77FC0 /* ContentView.swift in Sources */,
				2DE26B23290AB69A00A77FC0 /* UpdateTodoView.swift in Sources */,
				2DE26B10290AB1D200A77FC0 /* Swift_Practice_179_CoreDateTodoApp.swift in Sources */,
			);
			runOnlyForDeploymentPostprocessing = 0;
		};
/* End PBXSourcesBuildPhase section */

/* Begin XCBuildConfiguration section */
		2DE26B18290AB1D300A77FC0 /* Debug */ = {
			isa = XCBuildConfiguration;
			buildSettings = {
				ALWAYS_SEARCH_USER_PATHS = NO;
				CLANG_ANALYZER_NONNULL = YES;
				CLANG_ANALYZER_NUMBER_OBJECT_CONVERSION = YES_AGGRESSIVE;
				CLANG_CXX_LANGUAGE_STANDARD = "gnu++17";
				CLANG_CXX_LIBRARY = "libc++";
				CLANG_ENABLE_MODULES = YES;
				CLANG_ENABLE_OBJC_ARC = YES;
				CLANG_ENABLE_OBJC_WEAK = YES;
				CLANG_WARN_BLOCK_CAPTURE_AUTORELEASING = YES;
				CLANG_WARN_BOOL_CONVERSION = YES;
				CLANG_WARN_COMMA = YES;
				CLANG_WARN_CONSTANT_CONVERSION = YES;
				CLANG_WARN_DEPRECATED_OBJC_IMPLEMENTATIONS = YES;
				CLANG_WARN_DIRECT_OBJC_ISA_USAGE = YES_ERROR;
				CLANG_WARN_DOCUMENTATION_COMMENTS = YES;
				CLANG_WARN_EMPTY_BODY = YES;
				CLANG_WARN_ENUM_CONVERSION = YES;
				CLANG_WARN_INFINITE_RECURSION = YES;
				CLANG_WARN_INT_CONVERSION = YES;
				CLANG_WARN_NON_LITERAL_NULL_CONVERSION = YES;
				CLANG_WARN_OBJC_IMPLICIT_RETAIN_SELF = YES;
				CLANG_WARN_OBJC_LITERAL_CONVERSION = YES;
				CLANG_WARN_OBJC_ROOT_CLASS = YES_ERROR;
				CLANG_WARN_QUOTED_INCLUDE_IN_FRAMEWORK_HEADER = YES;
				CLANG_WARN_RANGE_LOOP_ANALYSIS = YES;
				CLANG_WARN_STRICT_PROTOTYPES = YES;
				CLANG_WARN_SUSPICIOUS_MOVE = YES;
				CLANG_WARN_UNGUARDED_AVAILABILITY = YES_AGGRESSIVE;
				CLANG_WARN_UNREACHABLE_CODE = YES;
				CLANG_WARN__DUPLICATE_METHOD_MATCH = YES;
				COPY_PHASE_STRIP = NO;
				DEBUG_INFORMATION_FORMAT = dwarf;
				ENABLE_STRICT_OBJC_MSGSEND = YES;
				ENABLE_TESTABILITY = YES;
				GCC_C_LANGUAGE_STANDARD = gnu11;
				GCC_DYNAMIC_NO_PIC = NO;
				GCC_NO_COMMON_BLOCKS = YES;
				GCC_OPTIMIZATION_LEVEL = 0;
				GCC_PREPROCESSOR_DEFINITIONS = (
					"DEBUG=1",
					"$(inherited)",
				);
				GCC_WARN_64_TO_32_BIT_CONVERSION = YES;
				GCC_WARN_ABOUT_RETURN_TYPE = YES_ERROR;
				GCC_WARN_UNDECLARED_SELECTOR = YES;
				GCC_WARN_UNINITIALIZED_AUTOS = YES_AGGRESSIVE;
				GCC_WARN_UNUSED_FUNCTION = YES;
				GCC_WARN_UNUSED_VARIABLE = YES;
				IPHONEOS_DEPLOYMENT_TARGET = 15.2;
				MTL_ENABLE_DEBUG_INFO = INCLUDE_SOURCE;
				MTL_FAST_MATH = YES;
				ONLY_ACTIVE_ARCH = YES;
				SDKROOT = iphoneos;
				SWIFT_ACTIVE_COMPILATION_CONDITIONS = DEBUG;
				SWIFT_OPTIMIZATION_LEVEL = "-Onone";
			};
			name = Debug;
		};
		2DE26B19290AB1D300A77FC0 /* Release */ = {
			isa = XCBuildConfiguration;
			buildSettings = {
				ALWAYS_SEARCH_USER_PATHS = NO;
				CLANG_ANALYZER_NONNULL = YES;
				CLANG_ANALYZER_NUMBER_OBJECT_CONVERSION = YES_AGGRESSIVE;
				CLANG_CXX_LANGUAGE_STANDARD = "gnu++17";
				CLANG_CXX_LIBRARY = "libc++";
				CLANG_ENABLE_MODULES = YES;
				CLANG_ENABLE_OBJC_ARC = YES;
				CLANG_ENABLE_OBJC_WEAK = YES;
				CLANG_WARN_BLOCK_CAPTURE_AUTORELEASING = YES;
				CLANG_WARN_BOOL_CONVERSION = YES;
				CLANG_WARN_COMMA = YES;
				CLANG_WARN_CONSTANT_CONVERSION = YES;
				CLANG_WARN_DEPRECATED_OBJC_IMPLEMENTATIONS = YES;
				CLANG_WARN_DIRECT_OBJC_ISA_USAGE = YES_ERROR;
				CLANG_WARN_DOCUMENTATION_COMMENTS = YES;
				CLANG_WARN_EMPTY_BODY = YES;
				CLANG_WARN_ENUM_CONVERSION = YES;
				CLANG_WARN_INFINITE_RECURSION = YES;
				CLANG_WARN_INT_CONVERSION = YES;
				CLANG_WARN_NON_LITERAL_NULL_CONVERSION = YES;
				CLANG_WARN_OBJC_IMPLICIT_RETAIN_SELF = YES;
				CLANG_WARN_OBJC_LITERAL_CONVERSION = YES;
				CLANG_WARN_OBJC_ROOT_CLASS = YES_ERROR;
				CLANG_WARN_QUOTED_INCLUDE_IN_FRAMEWORK_HEADER = YES;
				CLANG_WARN_RANGE_LOOP_ANALYSIS = YES;
				CLANG_WARN_STRICT_PROTOTYPES = YES;
				CLANG_WARN_SUSPICIOUS_MOVE = YES;
				CLANG_WARN_UNGUARDED_AVAILABILITY = YES_AGGRESSIVE;
				CLANG_WARN_UNREACHABLE_CODE = YES;
				CLANG_WARN__DUPLICATE_METHOD_MATCH = YES;
				COPY_PHASE_STRIP = NO;
				DEBUG_INFORMATION_FORMAT = "dwarf-with-dsym";
				ENABLE_NS_ASSERTIONS = NO;
				ENABLE_STRICT_OBJC_MSGSEND = YES;
				GCC_C_LANGUAGE_STANDARD = gnu11;
				GCC_NO_COMMON_BLOCKS = YES;
				GCC_WARN_64_TO_32_BIT_CONVERSION = YES;
				GCC_WARN_ABOUT_RETURN_TYPE = YES_ERROR;
				GCC_WARN_UNDECLARED_SELECTOR = YES;
				GCC_WARN_UNINITIALIZED_AUTOS = YES_AGGRESSIVE;
				GCC_WARN_UNUSED_FUNCTION = YES;
				GCC_WARN_UNUSED_VARIABLE = YES;
				IPHONEOS_DEPLOYMENT_TARGET = 15.2;
				MTL_ENABLE_DEBUG_INFO = NO;
				MTL_FAST_MATH = YES;
				SDKROOT = iphoneos;
				SWIFT_COMPILATION_MODE = wholemodule;
				SWIFT_OPTIMIZATION_LEVEL = "-O";
				VALIDATE_PRODUCT = YES;
			};
			name = Release;
		};
		2DE26B1B290AB1D300A77FC0 /* Debug */ = {
			isa = XCBuildConfiguration;
			buildSettings = {
				ASSETCATALOG_COMPILER_APPICON_NAME = AppIcon;
				ASSETCATALOG_COMPILER_GLOBAL_ACCENT_COLOR_NAME = AccentColor;
				CODE_SIGN_STYLE = Automatic;
				CURRENT_PROJECT_VERSION = 1;
				DEVELOPMENT_ASSET_PATHS = "\"Swift Practice 179 CoreDateTodo/Preview Content\"";
				DEVELOPMENT_TEAM = D758S53U98;
				ENABLE_PREVIEWS = YES;
				GENERATE_INFOPLIST_FILE = YES;
				INFOPLIST_KEY_UIApplicationSceneManifest_Generation = YES;
				INFOPLIST_KEY_UIApplicationSupportsIndirectInputEvents = YES;
				INFOPLIST_KEY_UILaunchScreen_Generation = YES;
				INFOPLIST_KEY_UISupportedInterfaceOrientations_iPad = "UIInterfaceOrientationPortrait UIInterfaceOrientationPortraitUpsideDown UIInterfaceOrientationLandscapeLeft UIInterfaceOrientationLandscapeRight";
				INFOPLIST_KEY_UISupportedInterfaceOrientations_iPhone = "UIInterfaceOrientationPortrait UIInterfaceOrientationLandscapeLeft UIInterfaceOrientationLandscapeRight";
				LD_RUNPATH_SEARCH_PATHS = (
					"$(inherited)",
					"@executable_path/Frameworks",
				);
				MARKETING_VERSION = 1.0;
				PRODUCT_BUNDLE_IDENTIFIER = "com.dogpa.Swift-Practice-179-CoreDateTodo";
				PRODUCT_NAME = "$(TARGET_NAME)";
				SWIFT_EMIT_LOC_STRINGS = YES;
				SWIFT_VERSION = 5.0;
				TARGETED_DEVICE_FAMILY = "1,2";
			};
			name = Debug;
		};
		2DE26B1C290AB1D300A77FC0 /* Release */ = {
			isa = XCBuildConfiguration;
			buildSettings = {
				ASSETCATALOG_COMPILER_APPICON_NAME = AppIcon;
				ASSETCATALOG_COMPILER_GLOBAL_ACCENT_COLOR_NAME = AccentColor;
				CODE_SIGN_STYLE = Automatic;
				CURRENT_PROJECT_VERSION = 1;
				DEVELOPMENT_ASSET_PATHS = "\"Swift Practice 179 CoreDateTodo/Preview Content\"";
				DEVELOPMENT_TEAM = D758S53U98;
				ENABLE_PREVIEWS = YES;
				GENERATE_INFOPLIST_FILE = YES;
				INFOPLIST_KEY_UIApplicationSceneManifest_Generation = YES;
				INFOPLIST_KEY_UIApplicationSupportsIndirectInputEvents = YES;
				INFOPLIST_KEY_UILaunchScreen_Generation = YES;
				INFOPLIST_KEY_UISupportedInterfaceOrientations_iPad = "UIInterfaceOrientationPortrait UIInterfaceOrientationPortraitUpsideDown UIInterfaceOrientationLandscapeLeft UIInterfaceOrientationLandscapeRight";
				INFOPLIST_KEY_UISupportedInterfaceOrientations_iPhone = "UIInterfaceOrientationPortrait UIInterfaceOrientationLandscapeLeft UIInterfaceOrientationLandscapeRight";
				LD_RUNPATH_SEARCH_PATHS = (
					"$(inherited)",
					"@executable_path/Frameworks",
				);
				MARKETING_VERSION = 1.0;
				PRODUCT_BUNDLE_IDENTIFIER = "com.dogpa.Swift-Practice-179-CoreDateTodo";
				PRODUCT_NAME = "$(TARGET_NAME)";
				SWIFT_EMIT_LOC_STRINGS = YES;
				SWIFT_VERSION = 5.0;
				TARGETED_DEVICE_FAMILY = "1,2";
			};
			name = Release;
		};
/* End XCBuildConfiguration section */

/* Begin XCConfigurationList section */
		2DE26B07290AB1D200A77FC0 /* Build configuration list for PBXProject "Swift Practice 179 CoreDateTodo" */ = {
			isa = XCConfigurationList;
			buildConfigurations = (
				2DE26B18290AB1D300A77FC0 /* Debug */,
				2DE26B19290AB1D300A77FC0 /* Release */,
			);
			defaultConfigurationIsVisible = 0;
			defaultConfigurationName = Release;
		};
		2DE26B1A290AB1D300A77FC0 /* Build configuration list for PBXNativeTarget "Swift Practice 179 CoreDateTodo" */ = {
			isa = XCConfigurationList;
			buildConfigurations = (
				2DE26B1B290AB1D300A77FC0 /* Debug */,
				2DE26B1C290AB1D300A77FC0 /* Release */,
			);
			defaultConfigurationIsVisible = 0;
			defaultConfigurationName = Release;
		};
/* End XCConfigurationList section */

/* Begin XCVersionGroup section */
		2DE26B1D290AB20700A77FC0 /* TodoDataModel.xcdatamodeld */ = {
			isa = XCVersionGroup;
			children = (
				2DE26B1E290AB20700A77FC0 /* TodoDataModel.xcdatamodel */,
			);
			currentVersion = 2DE26B1E290AB20700A77FC0 /* TodoDataModel.xcdatamodel */;
			path = TodoDataModel.xcdatamodeld;
			sourceTree = "<group>";
			versionGroupType = wrapper.xcdatamodel;
		};
/* End XCVersionGroup section */
	};
	rootObject = 2DE26B04290AB1D200A77FC0 /* Project object */;
}
